{
  "version": 4,
  "terraform_version": "0.14.6",
  "serial": 4,
  "lineage": "e7e1c0df-93f6-c591-138a-64d428cb669e",
  "outputs": {
    "current_location_id": {
      "value": "us-central1-a",
      "type": "string"
    },
    "host": {
      "value": "10.101.247.236",
      "type": "string"
    },
    "id": {
      "value": "projects/cloubuild-with-himan/locations/us-central1/instances/test-redis",
      "type": "string"
    },
    "persistence_iam_identity": {
      "value": "serviceAccount:956603322324-compute@developer.gserviceaccount.com",
      "type": "string"
    },
    "region": {
      "value": "us-central1",
      "type": "string"
    }
  },
  "resources": [
    {
      "mode": "managed",
      "type": "google_redis_instance",
      "name": "default",
      "provider": "provider[\"registry.terraform.io/hashicorp/google\"]",
      "instances": [
        {
          "schema_version": 0,
          "attributes": {
            "alternative_location_id": "us-central1-b",
            "auth_enabled": false,
            "auth_string": "",
            "authorized_network": "projects/cloubuild-with-himan/global/networks/default",
            "connect_mode": "DIRECT_PEERING",
            "create_time": "2021-05-16T14:36:23.374123029Z",
            "current_location_id": "us-central1-a",
            "display_name": "",
            "host": "10.101.247.236",
            "id": "projects/cloubuild-with-himan/locations/us-central1/instances/test-redis",
            "labels": null,
            "location_id": "us-central1-a",
            "memory_size_gb": 1,
            "name": "test-redis",
            "persistence_iam_identity": "serviceAccount:956603322324-compute@developer.gserviceaccount.com",
            "port": 6379,
            "project": "cloubuild-with-himan",
            "redis_configs": null,
            "redis_version": "REDIS_4_0",
            "region": "us-central1",
            "reserved_ip_range": "10.101.247.232/29",
            "tier": "STANDARD_HA",
            "timeouts": null
          },
          "sensitive_attributes": [],
          "private": "eyJlMmJmYjczMC1lY2FhLTExZTYtOGY4OC0zNDM2M2JjN2M0YzAiOnsiY3JlYXRlIjo2MDAwMDAwMDAwMDAsImRlbGV0ZSI6NjAwMDAwMDAwMDAwLCJ1cGRhdGUiOjYwMDAwMDAwMDAwMH19",
          "dependencies": [
            "module.enable_apis.google_project_iam_member.project_service_identity_roles",
            "module.enable_apis.google_project_service.project_services",
            "module.enable_apis.google_project_service_identity.project_service_identities"
          ]
        }
      ]
    },
    {
      "module": "module.enable_apis",
      "mode": "managed",
      "type": "google_project_service",
      "name": "project_services",
      "provider": "provider[\"registry.terraform.io/hashicorp/google\"]",
      "instances": [
        {
          "index_key": "redis.googleapis.com",
          "schema_version": 0,
          "attributes": {
            "disable_dependent_services": true,
            "disable_on_destroy": false,
            "id": "cloubuild-with-himan/redis.googleapis.com",
            "project": "cloubuild-with-himan",
            "service": "redis.googleapis.com",
            "timeouts": null
          },
          "sensitive_attributes": [],
          "private": "eyJlMmJmYjczMC1lY2FhLTExZTYtOGY4OC0zNDM2M2JjN2M0YzAiOnsiY3JlYXRlIjoxMjAwMDAwMDAwMDAwLCJkZWxldGUiOjEyMDAwMDAwMDAwMDAsInJlYWQiOjYwMDAwMDAwMDAwMCwidXBkYXRlIjoxMjAwMDAwMDAwMDAwfX0="
        }
      ]
    }
  ]
}
